
Microsoft Visual Studio Solution File, Format Version 12.00
Project("{FAE04EC0-301F-11D3-BF4B-00C04F79EFBC}") = "FMS", "FMS\FMS.csproj", "{30AB231B-0A0F-4F1E-9D1B-94355638BB52}"
EndProject
Project("{FAE04EC0-301F-11D3-BF4B-00C04F79EFBC}") = "UnivisitySystem", "UnivisitySystem\UnivisitySystem.csproj", "{0E7D929B-B439-4E79-8082-F59A8229818D}"
EndProject
Project("{FAE04EC0-301F-11D3-BF4B-00C04F79EFBC}") = "EcommerceSystem", "EcommerceSystem\EcommerceSystem.csproj", "{E3D13A75-D29D-42F9-8B86-FB470F04B02F}"
EndProject
Global
	GlobalSection(SolutionConfigurationPlatforms) = preSolution
		Debug|Any CPU = Debug|Any CPU
		Release|Any CPU = Release|Any CPU
	EndGlobalSection
	GlobalSection(ProjectConfigurationPlatforms) = postSolution
		{30AB231B-0A0F-4F1E-9D1B-94355638BB52}.Debug|Any CPU.ActiveCfg = Debug|Any CPU
		{30AB231B-0A0F-4F1E-9D1B-94355638BB52}.Debug|Any CPU.Build.0 = Debug|Any CPU
		{30AB231B-0A0F-4F1E-9D1B-94355638BB52}.Release|Any CPU.ActiveCfg = Release|Any CPU
		{30AB231B-0A0F-4F1E-9D1B-94355638BB52}.Release|Any CPU.Build.0 = Release|Any CPU
		{0E7D929B-B439-4E79-8082-F59A8229818D}.Debug|Any CPU.ActiveCfg = Debug|Any CPU
		{0E7D929B-B439-4E79-8082-F59A8229818D}.Debug|Any CPU.Build.0 = Debug|Any CPU
		{0E7D929B-B439-4E79-8082-F59A8229818D}.Release|Any CPU.ActiveCfg = Release|Any CPU
		{0E7D929B-B439-4E79-8082-F59A8229818D}.Release|Any CPU.Build.0 = Release|Any CPU
		{E3D13A75-D29D-42F9-8B86-FB470F04B02F}.Debug|Any CPU.ActiveCfg = Debug|Any CPU
		{E3D13A75-D29D-42F9-8B86-FB470F04B02F}.Debug|Any CPU.Build.0 = Debug|Any CPU
		{E3D13A75-D29D-42F9-8B86-FB470F04B02F}.Release|Any CPU.ActiveCfg = Release|Any CPU
		{E3D13A75-D29D-42F9-8B86-FB470F04B02F}.Release|Any CPU.Build.0 = Release|Any CPU
	EndGlobalSection
EndGlobal
